// !$*UTF8*$!
{
	archiveVersion = 1;
	classes = {
	};
	objectVersion = 50;
	objects = {

/* Begin PBXBuildFile section */
		5F3C43202541A67C002402F1 /* AppDelegate.swift in Sources */ = {isa = PBXBuildFile; fileRef = 5F3C431F2541A67C002402F1 /* AppDelegate.swift */; };
		5F3C43222541A67C002402F1 /* SceneDelegate.swift in Sources */ = {isa = PBXBuildFile; fileRef = 5F3C43212541A67C002402F1 /* SceneDelegate.swift */; };
		5F3C43242541A67C002402F1 /* ViewController.swift in Sources */ = {isa = PBXBuildFile; fileRef = 5F3C43232541A67C002402F1 /* ViewController.swift */; };
		5F3C43272541A67C002402F1 /* Main.storyboard in Resources */ = {isa = PBXBuildFile; fileRef = 5F3C43252541A67C002402F1 /* Main.storyboard */; };
		5F3C43292541A67F002402F1 /* Assets.xcassets in Resources */ = {isa = PBXBuildFile; fileRef = 5F3C43282541A67F002402F1 /* Assets.xcassets */; };
		5F3C432C2541A67F002402F1 /* LaunchScreen.storyboard in Resources */ = {isa = PBXBuildFile; fileRef = 5F3C432A2541A67F002402F1 /* LaunchScreen.storyboard */; };
		5F3C43372541A67F002402F1 /* ParsetagramTests.swift in Sources */ = {isa = PBXBuildFile; fileRef = 5F3C43362541A67F002402F1 /* ParsetagramTests.swift */; };
		5F3C43422541A680002402F1 /* ParsetagramUITests.swift in Sources */ = {isa = PBXBuildFile; fileRef = 5F3C43412541A680002402F1 /* ParsetagramUITests.swift */; };
/* End PBXBuildFile section */

/* Begin PBXContainerItemProxy section */
		5F3C43332541A67F002402F1 /* PBXContainerItemProxy */ = {
			isa = PBXContainerItemProxy;
			containerPortal = 5F3C43142541A67C002402F1 /* Project object */;
			proxyType = 1;
			remoteGlobalIDString = 5F3C431B2541A67C002402F1;
			remoteInfo = Parsetagram;
		};
		5F3C433E2541A680002402F1 /* PBXContainerItemProxy */ = {
			isa = PBXContainerItemProxy;
			containerPortal = 5F3C43142541A67C002402F1 /* Project object */;
			proxyType = 1;
			remoteGlobalIDString = 5F3C431B2541A67C002402F1;
			remoteInfo = Parsetagram;
		};
/* End PBXContainerItemProxy section */

/* Begin PBXFileReference section */
		5F3C431C2541A67C002402F1 /* Parsetagram.app */ = {isa = PBXFileReference; explicitFileType = wrapper.application; includeInIndex = 0; path = Parsetagram.app; sourceTree = BUILT_PRODUCTS_DIR; };
		5F3C431F2541A67C002402F1 /* AppDelegate.swift */ = {isa = PBXFileReference; lastKnownFileType = sourcecode.swift; path = AppDelegate.swift; sourceTree = "<group>"; };
		5F3C43212541A67C002402F1 /* SceneDelegate.swift */ = {isa = PBXFileReference; lastKnownFileType = sourcecode.swift; path = SceneDelegate.swift; sourceTree = "<group>"; };
		5F3C43232541A67C002402F1 /* ViewController.swift */ = {isa = PBXFileReference; lastKnownFileType = sourcecode.swift; path = ViewController.swift; sourceTree = "<group>"; };
		5F3C43262541A67C002402F1 /* Base */ = {isa = PBXFileReference; lastKnownFileType = file.storyboard; name = Base; path = Base.lproj/Main.storyboard; sourceTree = "<group>"; };
		5F3C43282541A67F002402F1 /* Assets.xcassets */ = {isa = PBXFileReference; lastKnownFileType = folder.assetcatalog; path = Assets.xcassets; sourceTree = "<group>"; };
		5F3C432B2541A67F002402F1 /* Base */ = {isa = PBXFileReference; lastKnownFileType = file.storyboard; name = Base; path = Base.lproj/LaunchScreen.storyboard; sourceTree = "<group>"; };
		5F3C432D2541A67F002402F1 /* Info.plist */ = {isa = PBXFileReference; lastKnownFileType = text.plist.xml; path = Info.plist; sourceTree = "<group>"; };
		5F3C43322541A67F002402F1 /* ParsetagramTests.xctest */ = {isa = PBXFileReference; explicitFileType = wrapper.cfbundle; includeInIndex = 0; path = ParsetagramTests.xctest; sourceTree = BUILT_PRODUCTS_DIR; };
		5F3C43362541A67F002402F1 /* ParsetagramTests.swift */ = {isa = PBXFileReference; lastKnownFileType = sourcecode.swift; path = ParsetagramTests.swift; sourceTree = "<group>"; };
		5F3C43382541A67F002402F1 /* Info.plist */ = {isa = PBXFileReference; lastKnownFileType = text.plist.xml; path = Info.plist; sourceTree = "<group>"; };
		5F3C433D2541A680002402F1 /* ParsetagramUITests.xctest */ = {isa = PBXFileReference; explicitFileType = wrapper.cfbundle; includeInIndex = 0; path = ParsetagramUITests.xctest; sourceTree = BUILT_PRODUCTS_DIR; };
		5F3C43412541A680002402F1 /* ParsetagramUITests.swift */ = {isa = PBXFileReference; lastKnownFileType = sourcecode.swift; path = ParsetagramUITests.swift; sourceTree = "<group>"; };
		5F3C43432541A680002402F1 /* Info.plist */ = {isa = PBXFileReference; lastKnownFileType = text.plist.xml; path = Info.plist; sourceTree = "<group>"; };
/* End PBXFileReference section */

/* Begin PBXFrameworksBuildPhase section */
		5F3C43192541A67C002402F1 /* Frameworks */ = {
			isa = PBXFrameworksBuildPhase;
			buildActionMask = 2147483647;
			files = (
			);
			runOnlyForDeploymentPostprocessing = 0;
		};
		5F3C432F2541A67F002402F1 /* Frameworks */ = {
			isa = PBXFrameworksBuildPhase;
			buildActionMask = 2147483647;
			files = (
			);
			runOnlyForDeploymentPostprocessing = 0;
		};
		5F3C433A2541A680002402F1 /* Frameworks */ = {
			isa = PBXFrameworksBuildPhase;
			buildActionMask = 2147483647;
			files = (
			);
			runOnlyForDeploymentPostprocessing = 0;
		};
/* End PBXFrameworksBuildPhase section */

/* Begin PBXGroup section */
		5F3C43132541A67C002402F1 = {
			isa = PBXGroup;
			children = (
				5F3C431E2541A67C002402F1 /* Parsetagram */,
				5F3C43352541A67F002402F1 /* ParsetagramTests */,
				5F3C43402541A680002402F1 /* ParsetagramUITests */,
				5F3C431D2541A67C002402F1 /* Products */,
			);
			sourceTree = "<group>";
		};
		5F3C431D2541A67C002402F1 /* Products */ = {
			isa = PBXGroup;
			children = (
				5F3C431C2541A67C002402F1 /* Parsetagram.app */,
				5F3C43322541A67F002402F1 /* ParsetagramTests.xctest */,
				5F3C433D2541A680002402F1 /* ParsetagramUITests.xctest */,
			);
			name = Products;
			sourceTree = "<group>";
		};
		5F3C431E2541A67C002402F1 /* Parsetagram */ = {
			isa = PBXGroup;
			children = (
				5F3C431F2541A67C002402F1 /* AppDelegate.swift */,
				5F3C43212541A67C002402F1 /* SceneDelegate.swift */,
				5F3C43232541A67C002402F1 /* ViewController.swift */,
				5F3C43252541A67C002402F1 /* Main.storyboard */,
				5F3C43282541A67F002402F1 /* Assets.xcassets */,
				5F3C432A2541A67F002402F1 /* LaunchScreen.storyboard */,
				5F3C432D2541A67F002402F1 /* Info.plist */,
			);
			path = Parsetagram;
			sourceTree = "<group>";
		};
		5F3C43352541A67F002402F1 /* ParsetagramTests */ = {
			isa = PBXGroup;
			children = (
				5F3C43362541A67F002402F1 /* ParsetagramTests.swift */,
				5F3C43382541A67F002402F1 /* Info.plist */,
			);
			path = ParsetagramTests;
			sourceTree = "<group>";
		};
		5F3C43402541A680002402F1 /* ParsetagramUITests */ = {
			isa = PBXGroup;
			children = (
				5F3C43412541A680002402F1 /* ParsetagramUITests.swift */,
				5F3C43432541A680002402F1 /* Info.plist */,
			);
			path = ParsetagramUITests;
			sourceTree = "<group>";
		};
/* End PBXGroup section */

/* Begin PBXNativeTarget section */
		5F3C431B2541A67C002402F1 /* Parsetagram */ = {
			isa = PBXNativeTarget;
			buildConfigurationList = 5F3C43462541A680002402F1 /* Build configuration list for PBXNativeTarget "Parsetagram" */;
			buildPhases = (
				5F3C43182541A67C002402F1 /* Sources */,
				5F3C43192541A67C002402F1 /* Frameworks */,
				5F3C431A2541A67C002402F1 /* Resources */,
			);
			buildRules = (
			);
			dependencies = (
			);
			name = Parsetagram;
			productName = Parsetagram;
			productReference = 5F3C431C2541A67C002402F1 /* Parsetagram.app */;
			productType = "com.apple.product-type.application";
		};
		5F3C43312541A67F002402F1 /* ParsetagramTests */ = {
			isa = PBXNativeTarget;
			buildConfigurationList = 5F3C43492541A680002402F1 /* Build configuration list for PBXNativeTarget "ParsetagramTests" */;
			buildPhases = (
				5F3C432E2541A67F002402F1 /* Sources */,
				5F3C432F2541A67F002402F1 /* Frameworks */,
				5F3C43302541A67F002402F1 /* Resources */,
			);
			buildRules = (
			);
			dependencies = (
				5F3C43342541A67F002402F1 /* PBXTargetDependency */,
			);
			name = ParsetagramTests;
			productName = ParsetagramTests;
			productReference = 5F3C43322541A67F002402F1 /* ParsetagramTests.xctest */;
			productType = "com.apple.product-type.bundle.unit-test";
		};
		5F3C433C2541A680002402F1 /* ParsetagramUITests */ = {
			isa = PBXNativeTarget;
			buildConfigurationList = 5F3C434C2541A680002402F1 /* Build configuration list for PBXNativeTarget "ParsetagramUITests" */;
			buildPhases = (
				5F3C43392541A680002402F1 /* Sources */,
				5F3C433A2541A680002402F1 /* Frameworks */,
				5F3C433B2541A680002402F1 /* Resources */,
			);
			buildRules = (
			);
			dependencies = (
				5F3C433F2541A680002402F1 /* PBXTargetDependency */,
			);
			name = ParsetagramUITests;
			productName = ParsetagramUITests;
			productReference = 5F3C433D2541A680002402F1 /* ParsetagramUITests.xctest */;
			productType = "com.apple.product-type.bundle.ui-testing";
		};
/* End PBXNativeTarget section */

/* Begin PBXProject section */
		5F3C43142541A67C002402F1 /* Project object */ = {
			isa = PBXProject;
			attributes = {
				LastSwiftUpdateCheck = 1160;
				LastUpgradeCheck = 1160;
				ORGANIZATIONNAME = "Trang Doan";
				TargetAttributes = {
					5F3C431B2541A67C002402F1 = {
						CreatedOnToolsVersion = 11.6;
					};
					5F3C43312541A67F002402F1 = {
						CreatedOnToolsVersion = 11.6;
						TestTargetID = 5F3C431B2541A67C002402F1;
					};
					5F3C433C2541A680002402F1 = {
						CreatedOnToolsVersion = 11.6;
						TestTargetID = 5F3C431B2541A67C002402F1;
					};
				};
			};
			buildConfigurationList = 5F3C43172541A67C002402F1 /* Build configuration list for PBXProject "Parsetagram" */;
			compatibilityVersion = "Xcode 9.3";
			developmentRegion = en;
			hasScannedForEncodings = 0;
			knownRegions = (
				en,
				Base,
			);
			mainGroup = 5F3C43132541A67C002402F1;
			productRefGroup = 5F3C431D2541A67C002402F1 /* Products */;
			projectDirPath = "";
			projectRoot = "";
			targets = (
				5F3C431B2541A67C002402F1 /* Parsetagram */,
				5F3C43312541A67F002402F1 /* ParsetagramTests */,
				5F3C433C2541A680002402F1 /* ParsetagramUITests */,
			);
		};
/* End PBXProject section */

/* Begin PBXResourcesBuildPhase section */
		5F3C431A2541A67C002402F1 /* Resources */ = {
			isa = PBXResourcesBuildPhase;
			buildActionMask = 2147483647;
			files = (
				5F3C432C2541A67F002402F1 /* LaunchScreen.storyboard in Resources */,
				5F3C43292541A67F002402F1 /* Assets.xcassets in Resources */,
				5F3C43272541A67C002402F1 /* Main.storyboard in Resources */,
			);
			runOnlyForDeploymentPostprocessing = 0;
		};
		5F3C43302541A67F002402F1 /* Resources */ = {
			isa = PBXResourcesBuildPhase;
			buildActionMask = 2147483647;
			files = (
			);
			runOnlyForDeploymentPostprocessing = 0;
		};
		5F3C433B2541A680002402F1 /* Resources */ = {
			isa = PBXResourcesBuildPhase;
			buildActionMask = 2147483647;
			files = (
			);
			runOnlyForDeploymentPostprocessing = 0;
		};
/* End PBXResourcesBuildPhase section */

/* Begin PBXSourcesBuildPhase section */
		5F3C43182541A67C002402F1 /* Sources */ = {
			isa = PBXSourcesBuildPhase;
			buildActionMask = 2147483647;
			files = (
				5F3C43242541A67C002402F1 /* ViewController.swift in Sources */,
				5F3C43202541A67C002402F1 /* AppDelegate.swift in Sources */,
				5F3C43222541A67C002402F1 /* SceneDelegate.swift in Sources */,
			);
			runOnlyForDeploymentPostprocessing = 0;
		};
		5F3C432E2541A67F002402F1 /* Sources */ = {
			isa = PBXSourcesBuildPhase;
			buildActionMask = 2147483647;
			files = (
				5F3C43372541A67F002402F1 /* ParsetagramTests.swift in Sources */,
			);
			runOnlyForDeploymentPostprocessing = 0;
		};
		5F3C43392541A680002402F1 /* Sources */ = {
			isa = PBXSourcesBuildPhase;
			buildActionMask = 2147483647;
			files = (
				5F3C43422541A680002402F1 /* ParsetagramUITests.swift in Sources */,
			);
			runOnlyForDeploymentPostprocessing = 0;
		};
/* End PBXSourcesBuildPhase section */

/* Begin PBXTargetDependency section */
		5F3C43342541A67F002402F1 /* PBXTargetDependency */ = {
			isa = PBXTargetDependency;
			target = 5F3C431B2541A67C002402F1 /* Parsetagram */;
			targetProxy = 5F3C43332541A67F002402F1 /* PBXContainerItemProxy */;
		};
		5F3C433F2541A680002402F1 /* PBXTargetDependency */ = {
			isa = PBXTargetDependency;
			target = 5F3C431B2541A67C002402F1 /* Parsetagram */;
			targetProxy = 5F3C433E2541A680002402F1 /* PBXContainerItemProxy */;
		};
/* End PBXTargetDependency section */

/* Begin PBXVariantGroup section */
		5F3C43252541A67C002402F1 /* Main.storyboard */ = {
			isa = PBXVariantGroup;
			children = (
				5F3C43262541A67C002402F1 /* Base */,
			);
			name = Main.storyboard;
			sourceTree = "<group>";
		};
		5F3C432A2541A67F002402F1 /* LaunchScreen.storyboard */ = {
			isa = PBXVariantGroup;
			children = (
				5F3C432B2541A67F002402F1 /* Base */,
			);
			name = LaunchScreen.storyboard;
			sourceTree = "<group>";
		};
/* End PBXVariantGroup section */

/* Begin XCBuildConfiguration section */
		5F3C43442541A680002402F1 /* Debug */ = {
			isa = XCBuildConfiguration;
			buildSettings = {
				ALWAYS_SEARCH_USER_PATHS = NO;
				CLANG_ANALYZER_NONNULL = YES;
				CLANG_ANALYZER_NUMBER_OBJECT_CONVERSION = YES_AGGRESSIVE;
				CLANG_CXX_LANGUAGE_STANDARD = "gnu++14";
				CLANG_CXX_LIBRARY = "libc++";
				CLANG_ENABLE_MODULES = YES;
				CLANG_ENABLE_OBJC_ARC = YES;
				CLANG_ENABLE_OBJC_WEAK = YES;
				CLANG_WARN_BLOCK_CAPTURE_AUTORELEASING = YES;
				CLANG_WARN_BOOL_CONVERSION = YES;
				CLANG_WARN_COMMA = YES;
				CLANG_WARN_CONSTANT_CONVERSION = YES;
				CLANG_WARN_DEPRECATED_OBJC_IMPLEMENTATIONS = YES;
				CLANG_WARN_DIRECT_OBJC_ISA_USAGE = YES_ERROR;
				CLANG_WARN_DOCUMENTATION_COMMENTS = YES;
				CLANG_WARN_EMPTY_BODY = YES;
				CLANG_WARN_ENUM_CONVERSION = YES;
				CLANG_WARN_INFINITE_RECURSION = YES;
				CLANG_WARN_INT_CONVERSION = YES;
				CLANG_WARN_NON_LITERAL_NULL_CONVERSION = YES;
				CLANG_WARN_OBJC_IMPLICIT_RETAIN_SELF = YES;
				CLANG_WARN_OBJC_LITERAL_CONVERSION = YES;
				CLANG_WARN_OBJC_ROOT_CLASS = YES_ERROR;
				CLANG_WARN_RANGE_LOOP_ANALYSIS = YES;
				CLANG_WARN_STRICT_PROTOTYPES = YES;
				CLANG_WARN_SUSPICIOUS_MOVE = YES;
				CLANG_WARN_UNGUARDED_AVAILABILITY = YES_AGGRESSIVE;
				CLANG_WARN_UNREACHABLE_CODE = YES;
				CLANG_WARN__DUPLICATE_METHOD_MATCH = YES;
				COPY_PHASE_STRIP = NO;
				DEBUG_INFORMATION_FORMAT = dwarf;
				ENABLE_STRICT_OBJC_MSGSEND = YES;
				ENABLE_TESTABILITY = YES;
				GCC_C_LANGUAGE_STANDARD = gnu11;
				GCC_DYNAMIC_NO_PIC = NO;
				GCC_NO_COMMON_BLOCKS = YES;
				GCC_OPTIMIZATION_LEVEL = 0;
				GCC_PREPROCESSOR_DEFINITIONS = (
					"DEBUG=1",
					"$(inherited)",
				);
				GCC_WARN_64_TO_32_BIT_CONVERSION = YES;
				GCC_WARN_ABOUT_RETURN_TYPE = YES_ERROR;
				GCC_WARN_UNDECLARED_SELECTOR = YES;
				GCC_WARN_UNINITIALIZED_AUTOS = YES_AGGRESSIVE;
				GCC_WARN_UNUSED_FUNCTION = YES;
				GCC_WARN_UNUSED_VARIABLE = YES;
				IPHONEOS_DEPLOYMENT_TARGET = 13.6;
				MTL_ENABLE_DEBUG_INFO = INCLUDE_SOURCE;
				MTL_FAST_MATH = YES;
				ONLY_ACTIVE_ARCH = YES;
				SDKROOT = iphoneos;
				SWIFT_ACTIVE_COMPILATION_CONDITIONS = DEBUG;
				SWIFT_OPTIMIZATION_LEVEL = "-Onone";
			};
			name = Debug;
		};
		5F3C43452541A680002402F1 /* Release */ = {
			isa = XCBuildConfiguration;
			buildSettings = {
				ALWAYS_SEARCH_USER_PATHS = NO;
				CLANG_ANALYZER_NONNULL = YES;
				CLANG_ANALYZER_NUMBER_OBJECT_CONVERSION = YES_AGGRESSIVE;
				CLANG_CXX_LANGUAGE_STANDARD = "gnu++14";
				CLANG_CXX_LIBRARY = "libc++";
				CLANG_ENABLE_MODULES = YES;
				CLANG_ENABLE_OBJC_ARC = YES;
				CLANG_ENABLE_OBJC_WEAK = YES;
				CLANG_WARN_BLOCK_CAPTURE_AUTORELEASING = YES;
				CLANG_WARN_BOOL_CONVERSION = YES;
				CLANG_WARN_COMMA = YES;
				CLANG_WARN_CONSTANT_CONVERSION = YES;
				CLANG_WARN_DEPRECATED_OBJC_IMPLEMENTATIONS = YES;
				CLANG_WARN_DIRECT_OBJC_ISA_USAGE = YES_ERROR;
				CLANG_WARN_DOCUMENTATION_COMMENTS = YES;
				CLANG_WARN_EMPTY_BODY = YES;
				CLANG_WARN_ENUM_CONVERSION = YES;
				CLANG_WARN_INFINITE_RECURSION = YES;
				CLANG_WARN_INT_CONVERSION = YES;
				CLANG_WARN_NON_LITERAL_NULL_CONVERSION = YES;
				CLANG_WARN_OBJC_IMPLICIT_RETAIN_SELF = YES;
				CLANG_WARN_OBJC_LITERAL_CONVERSION = YES;
				CLANG_WARN_OBJC_ROOT_CLASS = YES_ERROR;
				CLANG_WARN_RANGE_LOOP_ANALYSIS = YES;
				CLANG_WARN_STRICT_PROTOTYPES = YES;
				CLANG_WARN_SUSPICIOUS_MOVE = YES;
				CLANG_WARN_UNGUARDED_AVAILABILITY = YES_AGGRESSIVE;
				CLANG_WARN_UNREACHABLE_CODE = YES;
				CLANG_WARN__DUPLICATE_METHOD_MATCH = YES;
				COPY_PHASE_STRIP = NO;
				DEBUG_INFORMATION_FORMAT = "dwarf-with-dsym";
				ENABLE_NS_ASSERTIONS = NO;
				ENABLE_STRICT_OBJC_MSGSEND = YES;
				GCC_C_LANGUAGE_STANDARD = gnu11;
				GCC_NO_COMMON_BLOCKS = YES;
				GCC_WARN_64_TO_32_BIT_CONVERSION = YES;
				GCC_WARN_ABOUT_RETURN_TYPE = YES_ERROR;
				GCC_WARN_UNDECLARED_SELECTOR = YES;
				GCC_WARN_UNINITIALIZED_AUTOS = YES_AGGRESSIVE;
				GCC_WARN_UNUSED_FUNCTION = YES;
				GCC_WARN_UNUSED_VARIABLE = YES;
				IPHONEOS_DEPLOYMENT_TARGET = 13.6;
				MTL_ENABLE_DEBUG_INFO = NO;
				MTL_FAST_MATH = YES;
				SDKROOT = iphoneos;
				SWIFT_COMPILATION_MODE = wholemodule;
				SWIFT_OPTIMIZATION_LEVEL = "-O";
				VALIDATE_PRODUCT = YES;
			};
			name = Release;
		};
		5F3C43472541A680002402F1 /* Debug */ = {
			isa = XCBuildConfiguration;
			buildSettings = {
				ASSETCATALOG_COMPILER_APPICON_NAME = AppIcon;
				CODE_SIGN_STYLE = Automatic;
				INFOPLIST_FILE = Parsetagram/Info.plist;
				LD_RUNPATH_SEARCH_PATHS = (
					"$(inherited)",
					"@executable_path/Frameworks",
				);
				PRODUCT_BUNDLE_IDENTIFIER = com.codepath.Parsetagram;
				PRODUCT_NAME = "$(TARGET_NAME)";
				SWIFT_VERSION = 5.0;
				TARGETED_DEVICE_FAMILY = "1,2";
			};
			name = Debug;
		};
		5F3C43482541A680002402F1 /* Release */ = {
			isa = XCBuildConfiguration;
			buildSettings = {
				ASSETCATALOG_COMPILER_APPICON_NAME = AppIcon;
				CODE_SIGN_STYLE = Automatic;
				INFOPLIST_FILE = Parsetagram/Info.plist;
				LD_RUNPATH_SEARCH_PATHS = (
					"$(inherited)",
					"@executable_path/Frameworks",
				);
				PRODUCT_BUNDLE_IDENTIFIER = com.codepath.Parsetagram;
				PRODUCT_NAME = "$(TARGET_NAME)";
				SWIFT_VERSION = 5.0;
				TARGETED_DEVICE_FAMILY = "1,2";
			};
			name = Release;
		};
		5F3C434A2541A680002402F1 /* Debug */ = {
			isa = XCBuildConfiguration;
			buildSettings = {
				ALWAYS_EMBED_SWIFT_STANDARD_LIBRARIES = YES;
				BUNDLE_LOADER = "$(TEST_HOST)";
				CODE_SIGN_STYLE = Automatic;
				INFOPLIST_FILE = ParsetagramTests/Info.plist;
				IPHONEOS_DEPLOYMENT_TARGET = 13.6;
				LD_RUNPATH_SEARCH_PATHS = (
					"$(inherited)",
					"@executable_path/Frameworks",
					"@loader_path/Frameworks",
				);
				PRODUCT_BUNDLE_IDENTIFIER = com.codepath.ParsetagramTests;
				PRODUCT_NAME = "$(TARGET_NAME)";
				SWIFT_VERSION = 5.0;
				TARGETED_DEVICE_FAMILY = "1,2";
				TEST_HOST = "$(BUILT_PRODUCTS_DIR)/Parsetagram.app/Parsetagram";
			};
			name = Debug;
		};
		5F3C434B2541A680002402F1 /* Release */ = {
			isa = XCBuildConfiguration;
			buildSettings = {
				ALWAYS_EMBED_SWIFT_STANDARD_LIBRARIES = YES;
				BUNDLE_LOADER = "$(TEST_HOST)";
				CODE_SIGN_STYLE = Automatic;
				INFOPLIST_FILE = ParsetagramTests/Info.plist;
				IPHONEOS_DEPLOYMENT_TARGET = 13.6;
				LD_RUNPATH_SEARCH_PATHS = (
					"$(inherited)",
					"@executable_path/Frameworks",
					"@loader_path/Frameworks",
				);
				PRODUCT_BUNDLE_IDENTIFIER = com.codepath.ParsetagramTests;
				PRODUCT_NAME = "$(TARGET_NAME)";
				SWIFT_VERSION = 5.0;
				TARGETED_DEVICE_FAMILY = "1,2";
				TEST_HOST = "$(BUILT_PRODUCTS_DIR)/Parsetagram.app/Parsetagram";
			};
			name = Release;
		};
		5F3C434D2541A680002402F1 /* Debug */ = {
			isa = XCBuildConfiguration;
			buildSettings = {
				ALWAYS_EMBED_SWIFT_STANDARD_LIBRARIES = YES;
				CODE_SIGN_STYLE = Automatic;
				INFOPLIST_FILE = ParsetagramUITests/Info.plist;
				LD_RUNPATH_SEARCH_PATHS = (
					"$(inherited)",
					"@executable_path/Frameworks",
					"@loader_path/Frameworks",
				);
				PRODUCT_BUNDLE_IDENTIFIER = com.codepath.ParsetagramUITests;
				PRODUCT_NAME = "$(TARGET_NAME)";
				SWIFT_VERSION = 5.0;
				TARGETED_DEVICE_FAMILY = "1,2";
				TEST_TARGET_NAME = Parsetagram;
			};
			name = Debug;
		};
		5F3C434E2541A680002402F1 /* Release */ = {
			isa = XCBuildConfiguration;
			buildSettings = {
				ALWAYS_EMBED_SWIFT_STANDARD_LIBRARIES = YES;
				CODE_SIGN_STYLE = Automatic;
				INFOPLIST_FILE = ParsetagramUITests/Info.plist;
				LD_RUNPATH_SEARCH_PATHS = (
					"$(inherited)",
					"@executable_path/Frameworks",
					"@loader_path/Frameworks",
				);
				PRODUCT_BUNDLE_IDENTIFIER = com.codepath.ParsetagramUITests;
				PRODUCT_NAME = "$(TARGET_NAME)";
				SWIFT_VERSION = 5.0;
				TARGETED_DEVICE_FAMILY = "1,2";
				TEST_TARGET_NAME = Parsetagram;
			};
			name = Release;
		};
/* End XCBuildConfiguration section */

/* Begin XCConfigurationList section */
		5F3C43172541A67C002402F1 /* Build configuration list for PBXProject "Parsetagram" */ = {
			isa = XCConfigurationList;
			buildConfigurations = (
				5F3C43442541A680002402F1 /* Debug */,
				5F3C43452541A680002402F1 /* Release */,
			);
			defaultConfigurationIsVisible = 0;
			defaultConfigurationName = Release;
		};
		5F3C43462541A680002402F1 /* Build configuration list for PBXNativeTarget "Parsetagram" */ = {
			isa = XCConfigurationList;
			buildConfigurations = (
				5F3C43472541A680002402F1 /* Debug */,
				5F3C43482541A680002402F1 /* Release */,
			);
			defaultConfigurationIsVisible = 0;
			defaultConfigurationName = Release;
		};
		5F3C43492541A680002402F1 /* Build configuration list for PBXNativeTarget "ParsetagramTests" */ = {
			isa = XCConfigurationList;
			buildConfigurations = (
				5F3C434A2541A680002402F1 /* Debug */,
				5F3C434B2541A680002402F1 /* Release */,
			);
			defaultConfigurationIsVisible = 0;
			defaultConfigurationName = Release;
		};
		5F3C434C2541A680002402F1 /* Build configuration list for PBXNativeTarget "ParsetagramUITests" */ = {
			isa = XCConfigurationList;
			buildConfigurations = (
				5F3C434D2541A680002402F1 /* Debug */,
				5F3C434E2541A680002402F1 /* Release */,
			);
			defaultConfigurationIsVisible = 0;
			defaultConfigurationName = Release;
		};
/* End XCConfigurationList section */
	};
	rootObject = 5F3C43142541A67C002402F1 /* Project object */;
}
